
Microsoft Visual Studio Solution File, Format Version 12.00
# Visual Studio Version 16
VisualStudioVersion = 16.0.31129.286
MinimumVisualStudioVersion = 10.0.40219.1
Project("{9A19103F-16F7-4668-BE54-9A1E7A4F7556}") = "pawsitive", "pawsitive.csproj", "{DD87BDE3-C1CA-4A7F-B4FB-A7ED4C5D65F3}"
EndProject
Project("{E53339B2-1760-4266-BCC7-CA923CBCF16C}") = "docker-compose", "docker-compose.dcproj", "{256EE1F3-F0FD-45E1-97DD-6FB7CF5DD9F0}"
EndProject
Global
	GlobalSection(SolutionConfigurationPlatforms) = preSolution
		Debug|Any CPU = Debug|Any CPU
		Release|Any CPU = Release|Any CPU
	EndGlobalSection
	GlobalSection(ProjectConfigurationPlatforms) = postSolution
		{DD87BDE3-C1CA-4A7F-B4FB-A7ED4C5D65F3}.Debug|Any CPU.ActiveCfg = Debug|Any CPU
		{DD87BDE3-C1CA-4A7F-B4FB-A7ED4C5D65F3}.Debug|Any CPU.Build.0 = Debug|Any CPU
		{DD87BDE3-C1CA-4A7F-B4FB-A7ED4C5D65F3}.Release|Any CPU.ActiveCfg = Release|Any CPU
		{DD87BDE3-C1CA-4A7F-B4FB-A7ED4C5D65F3}.Release|Any CPU.Build.0 = Release|Any CPU
		{256EE1F3-F0FD-45E1-97DD-6FB7CF5DD9F0}.Debug|Any CPU.ActiveCfg = Debug|Any CPU
		{256EE1F3-F0FD-45E1-97DD-6FB7CF5DD9F0}.Debug|Any CPU.Build.0 = Debug|Any CPU
		{256EE1F3-F0FD-45E1-97DD-6FB7CF5DD9F0}.Release|Any CPU.ActiveCfg = Release|Any CPU
		{256EE1F3-F0FD-45E1-97DD-6FB7CF5DD9F0}.Release|Any CPU.Build.0 = Release|Any CPU
	EndGlobalSection
	GlobalSection(SolutionProperties) = preSolution
		HideSolutionNode = FALSE
	EndGlobalSection
	GlobalSection(ExtensibilityGlobals) = postSolution
		SolutionGuid = {3B063EFD-6579-4C80-B14C-FF230C921B87}
	EndGlobalSection
EndGlobal
